{
  "nodes": {
    "dirt-samples-src": {
      "flake": false,
      "locked": {
        "lastModified": 1588278411,
        "narHash": "sha256-h8vQxRym6QzNLOTZU7A43VCHuG0H77l+BFwXnC0L1CE=",
        "owner": "tidalcycles",
        "repo": "dirt-samples",
        "rev": "66d432418c9a7d82cf049d9246adfa62f46df2a6",
        "type": "github"
      },
      "original": {
        "owner": "tidalcycles",
        "ref": "master",
        "repo": "dirt-samples",
        "type": "github"
      }
    },
    "nixpkgs": {
      "locked": {
        "lastModified": 1655400192,
        "narHash": "sha256-49OBVVRgb9H/PSmNT9W61+NRdDbuSJVuDDflwXlaUKU=",
        "owner": "NixOS",
        "repo": "nixpkgs",
        "rev": "3d7435c638baffaa826b85459df0fff47f12317d",
        "type": "github"
      },
      "original": {
        "owner": "NixOS",
        "ref": "nixos-unstable",
        "repo": "nixpkgs",
        "type": "github"
      }
    },
    "root": {
      "inputs": {
        "dirt-samples-src": "dirt-samples-src",
        "nixpkgs": "nixpkgs",
        "superdirt-src": "superdirt-src",
        "tidal-src": "tidal-src",
        "utils": "utils",
        "vim-tidal-src": "vim-tidal-src",
        "vowel-src": "vowel-src"
      }
    },
    "superdirt-src": {
      "flake": false,
      "locked": {
        "lastModified": 1611740180,
        "narHash": "sha256-GtnqZeMFqFkVhgx2Exu0wY687cHa7mNnVCgjQd6fiIA=",
        "owner": "musikinformatik",
        "repo": "superdirt",
        "rev": "7abb62e89649daa1232b9cbd6427241868abd30e",
        "type": "github"
      },
      "original": {
        "owner": "musikinformatik",
        "ref": "master",
        "repo": "superdirt",
        "type": "github"
      }
    },
    "tidal-src": {
      "flake": false,
      "locked": {
        "lastModified": 1654350756,
        "narHash": "sha256-tONM5SYYBca0orTLH1EUOilSC1FCluWrFt8AetUx+YQ=",
        "owner": "tidalcycles",
        "repo": "tidal",
        "rev": "fda9c1ecb3722698935245e5409ef8ccdfca16c8",
        "type": "github"
      },
      "original": {
        "owner": "tidalcycles",
        "ref": "main",
        "repo": "tidal",
        "type": "github"
      }
    },
    "utils": {
      "locked": {
        "lastModified": 1653893745,
        "narHash": "sha256-0jntwV3Z8//YwuOjzhV2sgJJPt+HY6KhU7VZUL0fKZQ=",
        "owner": "numtide",
        "repo": "flake-utils",
        "rev": "1ed9fb1935d260de5fe1c2f7ee0ebaae17ed2fa1",
        "type": "github"
      },
      "original": {
        "owner": "numtide",
        "repo": "flake-utils",
        "type": "github"
      }
    },
    "vim-tidal-src": {
      "flake": false,
      "locked": {
        "lastModified": 1659276864,
        "narHash": "sha256-0TcTuTEwGe8WnfeyK/Auq0Czeng5fsJC/tP+5tv0Je0=",
        "owner": "mitchmindtree",
        "repo": "vim-tidal",
        "rev": "d758da43286e1ab84000ed7e60161834b7fb81be",
        "type": "github"
      },
      "original": {
        "owner": "mitchmindtree",
        "ref": "find-tidal-boot",
        "repo": "vim-tidal",
        "type": "github"
      }
    },
    "vowel-src": {
      "flake": false,
      "locked": {
        "lastModified": 1641306144,
        "narHash": "sha256-zfF6cvAGDNYWYsE8dOIo38b+dIymd17Pexg0HiPFbxM=",
        "owner": "supercollider-quarks",
        "repo": "vowel",
        "rev": "ab59caa870201ecf2604b3efdd2196e21a8b5446",
        "type": "github"
      },
      "original": {
        "owner": "supercollider-quarks",
        "ref": "master",
        "repo": "vowel",
        "type": "github"
      }
    }
  },
  "root": "root",
  "version": 7
}
